
Microsoft Visual Studio Solution File, Format Version 12.00
# Visual Studio Version 17
VisualStudioVersion = 17.9.34723.18
MinimumVisualStudioVersion = 10.0.40219.1
Project("{FAE04EC0-301F-11D3-BF4B-00C04F79EFBC}") = "pummelPartyFilter", "pummelPartyFilter.csproj", "{D5D49EED-79FF-478D-B269-781BE4020154}"
EndProject
Global
	GlobalSection(SolutionConfigurationPlatforms) = preSolution
		Debug|Any CPU = Debug|Any CPU
		Release|Any CPU = Release|Any CPU
	EndGlobalSection
	GlobalSection(ProjectConfigurationPlatforms) = postSolution
		{D5D49EED-79FF-478D-B269-781BE4020154}.Debug|Any CPU.ActiveCfg = Debug|Any CPU
		{D5D49EED-79FF-478D-B269-781BE4020154}.Debug|Any CPU.Build.0 = Debug|Any CPU
		{D5D49EED-79FF-478D-B269-781BE4020154}.Release|Any CPU.ActiveCfg = Release|Any CPU
		{D5D49EED-79FF-478D-B269-781BE4020154}.Release|Any CPU.Build.0 = Release|Any CPU
	EndGlobalSection
	GlobalSection(SolutionProperties) = preSolution
		HideSolutionNode = FALSE
	EndGlobalSection
	GlobalSection(ExtensibilityGlobals) = postSolution
		SolutionGuid = {31DE56E4-0C57-48D8-9AF0-BCE4E581AD4B}
	EndGlobalSection
EndGlobal
